
Microsoft Visual Studio Solution File, Format Version 12.00
# Visual Studio Version 16
VisualStudioVersion = 16.0.28803.452
MinimumVisualStudioVersion = 10.0.40219.1
Project("{FAE04EC0-301F-11D3-BF4B-00C04F79EFBC}") = "Blish HUD", "Blish HUD\Blish HUD.csproj", "{AA22EEFD-87BC-46BA-A9EC-493B7985C82F}"
EndProject
Project("{2150E333-8FDC-42A3-9474-1A3956D46DE8}") = "Solution Items", "Solution Items", "{E0C6D94B-7035-478B-BA1B-CEB7A5D079BD}"
	ProjectSection(SolutionItems) = preProject
		Resources.Designer.t4 = Resources.Designer.t4
	EndProjectSection
EndProject
Global
	GlobalSection(SolutionConfigurationPlatforms) = preSolution
		Debug|x64 = Debug|x64
		Release|x64 = Release|x64
	EndGlobalSection
	GlobalSection(ProjectConfigurationPlatforms) = postSolution
		{AA22EEFD-87BC-46BA-A9EC-493B7985C82F}.Debug|x64.ActiveCfg = Debug|x64
		{AA22EEFD-87BC-46BA-A9EC-493B7985C82F}.Debug|x64.Build.0 = Debug|x64
		{AA22EEFD-87BC-46BA-A9EC-493B7985C82F}.Release|x64.ActiveCfg = Release|x64
		{AA22EEFD-87BC-46BA-A9EC-493B7985C82F}.Release|x64.Build.0 = Release|x64
	EndGlobalSection
	GlobalSection(SolutionProperties) = preSolution
		HideSolutionNode = FALSE
	EndGlobalSection
	GlobalSection(ExtensibilityGlobals) = postSolution
		RESX_ConfirmAddLanguageFile = True
		RESX_AutoCreateNewLanguageFiles = True
		SolutionGuid = {BCD3C4BD-915D-4622-A220-D39D18A327D9}
	EndGlobalSection
EndGlobal
